
Microsoft Visual Studio Solution File, Format Version 12.00
# Visual Studio 15
VisualStudioVersion = 15.0.28010.2046
MinimumVisualStudioVersion = 10.0.40219.1
Project("{FAE04EC0-301F-11D3-BF4B-00C04F79EFBC}") = "Server", "WebSockets\Server.csproj", "{8F29A5F0-E674-40F1-8359-9568F8A9A627}"
EndProject
Project("{FAE04EC0-301F-11D3-BF4B-00C04F79EFBC}") = "Client", "Client\Client.csproj", "{8EAB6120-BE02-4917-8D78-234B6F5C5FA2}"
EndProject
Project("{FAE04EC0-301F-11D3-BF4B-00C04F79EFBC}") = "TCPIPGame", "TCPIPGame\TCPIPGame.csproj", "{22DF3C80-C0A8-4453-B67F-E1870FFF1FE5}"
EndProject
Global
	GlobalSection(SolutionConfigurationPlatforms) = preSolution
		Debug|Any CPU = Debug|Any CPU
		Release|Any CPU = Release|Any CPU
	EndGlobalSection
	GlobalSection(ProjectConfigurationPlatforms) = postSolution
		{8F29A5F0-E674-40F1-8359-9568F8A9A627}.Debug|Any CPU.ActiveCfg = Debug|Any CPU
		{8F29A5F0-E674-40F1-8359-9568F8A9A627}.Debug|Any CPU.Build.0 = Debug|Any CPU
		{8F29A5F0-E674-40F1-8359-9568F8A9A627}.Release|Any CPU.ActiveCfg = Release|Any CPU
		{8F29A5F0-E674-40F1-8359-9568F8A9A627}.Release|Any CPU.Build.0 = Release|Any CPU
		{8EAB6120-BE02-4917-8D78-234B6F5C5FA2}.Debug|Any CPU.ActiveCfg = Debug|Any CPU
		{8EAB6120-BE02-4917-8D78-234B6F5C5FA2}.Debug|Any CPU.Build.0 = Debug|Any CPU
		{8EAB6120-BE02-4917-8D78-234B6F5C5FA2}.Release|Any CPU.ActiveCfg = Release|Any CPU
		{8EAB6120-BE02-4917-8D78-234B6F5C5FA2}.Release|Any CPU.Build.0 = Release|Any CPU
		{22DF3C80-C0A8-4453-B67F-E1870FFF1FE5}.Debug|Any CPU.ActiveCfg = Debug|Any CPU
		{22DF3C80-C0A8-4453-B67F-E1870FFF1FE5}.Debug|Any CPU.Build.0 = Debug|Any CPU
		{22DF3C80-C0A8-4453-B67F-E1870FFF1FE5}.Release|Any CPU.ActiveCfg = Release|Any CPU
		{22DF3C80-C0A8-4453-B67F-E1870FFF1FE5}.Release|Any CPU.Build.0 = Release|Any CPU
	EndGlobalSection
	GlobalSection(SolutionProperties) = preSolution
		HideSolutionNode = FALSE
	EndGlobalSection
	GlobalSection(ExtensibilityGlobals) = postSolution
		SolutionGuid = {6588B76B-36A9-4CF3-A7BD-6D10763DD969}
	EndGlobalSection
EndGlobal
